// !$*UTF8*$!
{
	archiveVersion = 1;
	classes = {
	};
	objectVersion = 46;
	objects = {

/* Begin PBXBuildFile section */
		092A61C01D5996E000270862 /* libxml2.tbd in Frameworks */ = {isa = PBXBuildFile; fileRef = 092A61BF1D5996E000270862 /* libxml2.tbd */; };
		098DFEEC1D5887A8002052CA /* main.m in Sources */ = {isa = PBXBuildFile; fileRef = 098DFEEB1D5887A8002052CA /* main.m */; };
		098DFEEF1D5887A8002052CA /* AppDelegate.m in Sources */ = {isa = PBXBuildFile; fileRef = 098DFEEE1D5887A8002052CA /* AppDelegate.m */; };
		098DFEF21D5887A8002052CA /* ViewController.m in Sources */ = {isa = PBXBuildFile; fileRef = 098DFEF11D5887A8002052CA /* ViewController.m */; };
		098DFEF51D5887A8002052CA /* Main.storyboard in Resources */ = {isa = PBXBuildFile; fileRef = 098DFEF31D5887A8002052CA /* Main.storyboard */; };
		098DFEF71D5887A8002052CA /* Assets.xcassets in Resources */ = {isa = PBXBuildFile; fileRef = 098DFEF61D5887A8002052CA /* Assets.xcassets */; };
		098DFEFA1D5887A8002052CA /* LaunchScreen.storyboard in Resources */ = {isa = PBXBuildFile; fileRef = 098DFEF81D5887A8002052CA /* LaunchScreen.storyboard */; };
		098DFF051D5887A8002052CA /* MobilitymyPracticsTests.m in Sources */ = {isa = PBXBuildFile; fileRef = 098DFF041D5887A8002052CA /* MobilitymyPracticsTests.m */; };
		098DFF101D5887A8002052CA /* MobilitymyPracticsUITests.m in Sources */ = {isa = PBXBuildFile; fileRef = 098DFF0F1D5887A8002052CA /* MobilitymyPracticsUITests.m */; };
		098DFF1E1D588EC2002052CA /* demoUser.plist in Resources */ = {isa = PBXBuildFile; fileRef = 098DFF1D1D588EC2002052CA /* demoUser.plist */; };
		098DFF271D589B9C002052CA /* UserInfo.m in Sources */ = {isa = PBXBuildFile; fileRef = 098DFF261D589B9C002052CA /* UserInfo.m */; settings = {COMPILER_FLAGS = "-fno-objc-arc"; }; };
		098DFF2A1D58BD3C002052CA /* ok2UpdateViewController.m in Sources */ = {isa = PBXBuildFile; fileRef = 098DFF291D58BD3C002052CA /* ok2UpdateViewController.m */; };
		09E09BA61D657D140075AD9F /* DashboardViewController.m in Sources */ = {isa = PBXBuildFile; fileRef = 09E09BA51D657D140075AD9F /* DashboardViewController.m */; };
		09E09BA91D6597970075AD9F /* BookARoomViewController.m in Sources */ = {isa = PBXBuildFile; fileRef = 09E09BA81D6597970075AD9F /* BookARoomViewController.m */; };
		09E09BAE1D65984D0075AD9F /* HexColors.m in Sources */ = {isa = PBXBuildFile; fileRef = 09E09BAB1D65984D0075AD9F /* HexColors.m */; };
		09E09BAF1D65984D0075AD9F /* Constant.m in Sources */ = {isa = PBXBuildFile; fileRef = 09E09BAD1D65984D0075AD9F /* Constant.m */; };
		09E09BB21D6598770075AD9F /* CalendarEvent.m in Sources */ = {isa = PBXBuildFile; fileRef = 09E09BB11D6598770075AD9F /* CalendarEvent.m */; };
		09E09BBC1D65A93F0075AD9F /* TimeWindow.m in Sources */ = {isa = PBXBuildFile; fileRef = 09E09BB71D65A93F0075AD9F /* TimeWindow.m */; };
		09E09BBD1D65A93F0075AD9F /* NSDateFormatter+Locale.m in Sources */ = {isa = PBXBuildFile; fileRef = 09E09BB91D65A93F0075AD9F /* NSDateFormatter+Locale.m */; };
		09E09BBE1D65A93F0075AD9F /* TimeZoneList.db in Resources */ = {isa = PBXBuildFile; fileRef = 09E09BBA1D65A93F0075AD9F /* TimeZoneList.db */; };
		09E09BC31D65A9540075AD9F /* ESWPropertyCreater.m in Sources */ = {isa = PBXBuildFile; fileRef = 09E09BC01D65A9540075AD9F /* ESWPropertyCreater.m */; };
		09E09BD61D65A99C0075AD9F /* ExchangeWebService.m in Sources */ = {isa = PBXBuildFile; fileRef = 09E09BC71D65A99C0075AD9F /* ExchangeWebService.m */; };
		09E09BD71D65A99C0075AD9F /* NSDate+ISO8601Parsing.m in Sources */ = {isa = PBXBuildFile; fileRef = 09E09BC91D65A99C0075AD9F /* NSDate+ISO8601Parsing.m */; };
		09E09BD81D65A99C0075AD9F /* NSDate+ISO8601Unparsing.m in Sources */ = {isa = PBXBuildFile; fileRef = 09E09BCB1D65A99C0075AD9F /* NSDate+ISO8601Unparsing.m */; };
		09E09BD91D65A99C0075AD9F /* t.m in Sources */ = {isa = PBXBuildFile; fileRef = 09E09BCD1D65A99C0075AD9F /* t.m */; };
		09E09BDA1D65A99C0075AD9F /* USAdditions.m in Sources */ = {isa = PBXBuildFile; fileRef = 09E09BCF1D65A99C0075AD9F /* USAdditions.m */; };
		09E09BDB1D65A99C0075AD9F /* USGlobals.m in Sources */ = {isa = PBXBuildFile; fileRef = 09E09BD11D65A99C0075AD9F /* USGlobals.m */; };
		09E09BDC1D65A99C0075AD9F /* xml.m in Sources */ = {isa = PBXBuildFile; fileRef = 09E09BD31D65A99C0075AD9F /* xml.m */; };
		09E09BDD1D65A99C0075AD9F /* xsd.m in Sources */ = {isa = PBXBuildFile; fileRef = 09E09BD51D65A99C0075AD9F /* xsd.m */; };
		09E09BE81D65A9B80075AD9F /* MeetingViewController.m in Sources */ = {isa = PBXBuildFile; fileRef = 09E09BDF1D65A9B80075AD9F /* MeetingViewController.m */; };
		09E09BE91D65A9B80075AD9F /* MyEventModel.m in Sources */ = {isa = PBXBuildFile; fileRef = 09E09BE11D65A9B80075AD9F /* MyEventModel.m */; };
		09E09BEA1D65A9B80075AD9F /* RoomManager.m in Sources */ = {isa = PBXBuildFile; fileRef = 09E09BE31D65A9B80075AD9F /* RoomManager.m */; };
		09E09BEB1D65A9B80075AD9F /* PasswordManager.m in Sources */ = {isa = PBXBuildFile; fileRef = 09E09BE51D65A9B80075AD9F /* PasswordManager.m */; };
		09E09BEC1D65A9B80075AD9F /* RoomModel.m in Sources */ = {isa = PBXBuildFile; fileRef = 09E09BE71D65A9B80075AD9F /* RoomModel.m */; };
		09E09BEE1D65AA2E0075AD9F /* libsqlite3.tbd in Frameworks */ = {isa = PBXBuildFile; fileRef = 09E09BED1D65AA2E0075AD9F /* libsqlite3.tbd */; };
		09E09BF21D65AB390075AD9F /* ContactDetails.m in Sources */ = {isa = PBXBuildFile; fileRef = 09E09BF11D65AB390075AD9F /* ContactDetails.m */; };
		09E09C031D65AFF00075AD9F /* CLWeeklyCalendarView.m in Sources */ = {isa = PBXBuildFile; fileRef = 09E09BF51D65AFF00075AD9F /* CLWeeklyCalendarView.m */; };
		09E09C041D65AFF00075AD9F /* DailyCalendarView.m in Sources */ = {isa = PBXBuildFile; fileRef = 09E09BF71D65AFF00075AD9F /* DailyCalendarView.m */; };
		09E09C051D65AFF00075AD9F /* DayTitleLabel.m in Sources */ = {isa = PBXBuildFile; fileRef = 09E09BF91D65AFF00075AD9F /* DayTitleLabel.m */; };
		09E09C061D65AFF00075AD9F /* NSDate+CL.m in Sources */ = {isa = PBXBuildFile; fileRef = 09E09BFC1D65AFF00075AD9F /* NSDate+CL.m */; };
		09E09C071D65AFF00075AD9F /* NSDictionary+CL.m in Sources */ = {isa = PBXBuildFile; fileRef = 09E09BFE1D65AFF00075AD9F /* NSDictionary+CL.m */; };
		09E09C081D65AFF00075AD9F /* UIColor+CL.m in Sources */ = {isa = PBXBuildFile; fileRef = 09E09C001D65AFF00075AD9F /* UIColor+CL.m */; };
		09E09C091D65AFF00075AD9F /* UIImage+CL.m in Sources */ = {isa = PBXBuildFile; fileRef = 09E09C021D65AFF00075AD9F /* UIImage+CL.m */; };
		09E09C0C1D65D9DE0075AD9F /* ESWRoomManager.m in Sources */ = {isa = PBXBuildFile; fileRef = 09E09C0B1D65D9DE0075AD9F /* ESWRoomManager.m */; };
		09F578811D6C5B83000CD0AE /* NewsViewController.m in Sources */ = {isa = PBXBuildFile; fileRef = 09F578801D6C5B83000CD0AE /* NewsViewController.m */; };
		B62D617EE41367E6FBA86BE5 /* libPods-MobilitymyPractics.a in Frameworks */ = {isa = PBXBuildFile; fileRef = 3CA1545A65CA763C5AB8B385 /* libPods-MobilitymyPractics.a */; };
/* End PBXBuildFile section */

/* Begin PBXContainerItemProxy section */
		098DFF011D5887A8002052CA /* PBXContainerItemProxy */ = {
			isa = PBXContainerItemProxy;
			containerPortal = 098DFEDF1D5887A8002052CA /* Project object */;
			proxyType = 1;
			remoteGlobalIDString = 098DFEE61D5887A8002052CA;
			remoteInfo = MobilitymyPractics;
		};
		098DFF0C1D5887A8002052CA /* PBXContainerItemProxy */ = {
			isa = PBXContainerItemProxy;
			containerPortal = 098DFEDF1D5887A8002052CA /* Project object */;
			proxyType = 1;
			remoteGlobalIDString = 098DFEE61D5887A8002052CA;
			remoteInfo = MobilitymyPractics;
		};
/* End PBXContainerItemProxy section */

/* Begin PBXFileReference section */
		092A61BF1D5996E000270862 /* libxml2.tbd */ = {isa = PBXFileReference; lastKnownFileType = "sourcecode.text-based-dylib-definition"; name = libxml2.tbd; path = usr/lib/libxml2.tbd; sourceTree = SDKROOT; };
		098DFEE71D5887A8002052CA /* MobilitymyPractics.app */ = {isa = PBXFileReference; explicitFileType = wrapper.application; includeInIndex = 0; path = MobilitymyPractics.app; sourceTree = BUILT_PRODUCTS_DIR; };
		098DFEEB1D5887A8002052CA /* main.m */ = {isa = PBXFileReference; lastKnownFileType = sourcecode.c.objc; path = main.m; sourceTree = "<group>"; };
		098DFEED1D5887A8002052CA /* AppDelegate.h */ = {isa = PBXFileReference; lastKnownFileType = sourcecode.c.h; path = AppDelegate.h; sourceTree = "<group>"; };
		098DFEEE1D5887A8002052CA /* AppDelegate.m */ = {isa = PBXFileReference; lastKnownFileType = sourcecode.c.objc; path = AppDelegate.m; sourceTree = "<group>"; };
		098DFEF01D5887A8002052CA /* ViewController.h */ = {isa = PBXFileReference; lastKnownFileType = sourcecode.c.h; path = ViewController.h; sourceTree = "<group>"; };
		098DFEF11D5887A8002052CA /* ViewController.m */ = {isa = PBXFileReference; lastKnownFileType = sourcecode.c.objc; path = ViewController.m; sourceTree = "<group>"; };
		098DFEF41D5887A8002052CA /* Base */ = {isa = PBXFileReference; lastKnownFileType = file.storyboard; name = Base; path = Base.lproj/Main.storyboard; sourceTree = "<group>"; };
		098DFEF61D5887A8002052CA /* Assets.xcassets */ = {isa = PBXFileReference; lastKnownFileType = folder.assetcatalog; path = Assets.xcassets; sourceTree = "<group>"; };
		098DFEF91D5887A8002052CA /* Base */ = {isa = PBXFileReference; lastKnownFileType = file.storyboard; name = Base; path = Base.lproj/LaunchScreen.storyboard; sourceTree = "<group>"; };
		098DFEFB1D5887A8002052CA /* Info.plist */ = {isa = PBXFileReference; lastKnownFileType = text.plist.xml; path = Info.plist; sourceTree = "<group>"; };
		098DFF001D5887A8002052CA /* MobilitymyPracticsTests.xctest */ = {isa = PBXFileReference; explicitFileType = wrapper.cfbundle; includeInIndex = 0; path = MobilitymyPracticsTests.xctest; sourceTree = BUILT_PRODUCTS_DIR; };
		098DFF041D5887A8002052CA /* MobilitymyPracticsTests.m */ = {isa = PBXFileReference; lastKnownFileType = sourcecode.c.objc; path = MobilitymyPracticsTests.m; sourceTree = "<group>"; };
		098DFF061D5887A8002052CA /* Info.plist */ = {isa = PBXFileReference; lastKnownFileType = text.plist.xml; path = Info.plist; sourceTree = "<group>"; };
		098DFF0B1D5887A8002052CA /* MobilitymyPracticsUITests.xctest */ = {isa = PBXFileReference; explicitFileType = wrapper.cfbundle; includeInIndex = 0; path = MobilitymyPracticsUITests.xctest; sourceTree = BUILT_PRODUCTS_DIR; };
		098DFF0F1D5887A8002052CA /* MobilitymyPracticsUITests.m */ = {isa = PBXFileReference; lastKnownFileType = sourcecode.c.objc; path = MobilitymyPracticsUITests.m; sourceTree = "<group>"; };
		098DFF111D5887A8002052CA /* Info.plist */ = {isa = PBXFileReference; lastKnownFileType = text.plist.xml; path = Info.plist; sourceTree = "<group>"; };
		098DFF1D1D588EC2002052CA /* demoUser.plist */ = {isa = PBXFileReference; fileEncoding = 4; lastKnownFileType = text.plist.xml; path = demoUser.plist; sourceTree = "<group>"; };
		098DFF251D589B9C002052CA /* UserInfo.h */ = {isa = PBXFileReference; fileEncoding = 4; lastKnownFileType = sourcecode.c.h; path = UserInfo.h; sourceTree = "<group>"; };
		098DFF261D589B9C002052CA /* UserInfo.m */ = {isa = PBXFileReference; fileEncoding = 4; lastKnownFileType = sourcecode.c.objc; path = UserInfo.m; sourceTree = "<group>"; };
		098DFF281D58BD3C002052CA /* ok2UpdateViewController.h */ = {isa = PBXFileReference; fileEncoding = 4; lastKnownFileType = sourcecode.c.h; path = ok2UpdateViewController.h; sourceTree = "<group>"; };
		098DFF291D58BD3C002052CA /* ok2UpdateViewController.m */ = {isa = PBXFileReference; fileEncoding = 4; lastKnownFileType = sourcecode.c.objc; path = ok2UpdateViewController.m; sourceTree = "<group>"; };
		09E09BA41D657D140075AD9F /* DashboardViewController.h */ = {isa = PBXFileReference; fileEncoding = 4; lastKnownFileType = sourcecode.c.h; path = DashboardViewController.h; sourceTree = "<group>"; };
		09E09BA51D657D140075AD9F /* DashboardViewController.m */ = {isa = PBXFileReference; fileEncoding = 4; lastKnownFileType = sourcecode.c.objc; path = DashboardViewController.m; sourceTree = "<group>"; };
		09E09BA71D6597970075AD9F /* BookARoomViewController.h */ = {isa = PBXFileReference; fileEncoding = 4; lastKnownFileType = sourcecode.c.h; path = BookARoomViewController.h; sourceTree = "<group>"; };
		09E09BA81D6597970075AD9F /* BookARoomViewController.m */ = {isa = PBXFileReference; fileEncoding = 4; lastKnownFileType = sourcecode.c.objc; path = BookARoomViewController.m; sourceTree = "<group>"; };
		09E09BAA1D65984D0075AD9F /* HexColors.h */ = {isa = PBXFileReference; fileEncoding = 4; lastKnownFileType = sourcecode.c.h; path = HexColors.h; sourceTree = "<group>"; };
		09E09BAB1D65984D0075AD9F /* HexColors.m */ = {isa = PBXFileReference; fileEncoding = 4; lastKnownFileType = sourcecode.c.objc; path = HexColors.m; sourceTree = "<group>"; };
		09E09BAC1D65984D0075AD9F /* Constant.h */ = {isa = PBXFileReference; fileEncoding = 4; lastKnownFileType = sourcecode.c.h; path = Constant.h; sourceTree = "<group>"; };
		09E09BAD1D65984D0075AD9F /* Constant.m */ = {isa = PBXFileReference; fileEncoding = 4; lastKnownFileType = sourcecode.c.objc; path = Constant.m; sourceTree = "<group>"; };
		09E09BB01D6598770075AD9F /* CalendarEvent.h */ = {isa = PBXFileReference; fileEncoding = 4; lastKnownFileType = sourcecode.c.h; path = CalendarEvent.h; sourceTree = "<group>"; };
		09E09BB11D6598770075AD9F /* CalendarEvent.m */ = {isa = PBXFileReference; fileEncoding = 4; lastKnownFileType = sourcecode.c.objc; path = CalendarEvent.m; sourceTree = "<group>"; };
		09E09BB61D65A93F0075AD9F /* TimeWindow.h */ = {isa = PBXFileReference; fileEncoding = 4; lastKnownFileType = sourcecode.c.h; path = TimeWindow.h; sourceTree = "<group>"; };
		09E09BB71D65A93F0075AD9F /* TimeWindow.m */ = {isa = PBXFileReference; fileEncoding = 4; lastKnownFileType = sourcecode.c.objc; path = TimeWindow.m; sourceTree = "<group>"; };
		09E09BB81D65A93F0075AD9F /* NSDateFormatter+Locale.h */ = {isa = PBXFileReference; fileEncoding = 4; lastKnownFileType = sourcecode.c.h; path = "NSDateFormatter+Locale.h"; sourceTree = "<group>"; };
		09E09BB91D65A93F0075AD9F /* NSDateFormatter+Locale.m */ = {isa = PBXFileReference; fileEncoding = 4; lastKnownFileType = sourcecode.c.objc; path = "NSDateFormatter+Locale.m"; sourceTree = "<group>"; };
		09E09BBA1D65A93F0075AD9F /* TimeZoneList.db */ = {isa = PBXFileReference; lastKnownFileType = file; path = TimeZoneList.db; sourceTree = "<group>"; };
		09E09BBF1D65A9540075AD9F /* ESWPropertyCreater.h */ = {isa = PBXFileReference; fileEncoding = 4; lastKnownFileType = sourcecode.c.h; path = ESWPropertyCreater.h; sourceTree = "<group>"; };
		09E09BC01D65A9540075AD9F /* ESWPropertyCreater.m */ = {isa = PBXFileReference; fileEncoding = 4; lastKnownFileType = sourcecode.c.objc; path = ESWPropertyCreater.m; sourceTree = "<group>"; };
		09E09BC61D65A99C0075AD9F /* ExchangeWebService.h */ = {isa = PBXFileReference; fileEncoding = 4; lastKnownFileType = sourcecode.c.h; path = ExchangeWebService.h; sourceTree = "<group>"; };
		09E09BC71D65A99C0075AD9F /* ExchangeWebService.m */ = {isa = PBXFileReference; fileEncoding = 4; lastKnownFileType = sourcecode.c.objc; path = ExchangeWebService.m; sourceTree = "<group>"; };
		09E09BC81D65A99C0075AD9F /* NSDate+ISO8601Parsing.h */ = {isa = PBXFileReference; fileEncoding = 4; lastKnownFileType = sourcecode.c.h; path = "NSDate+ISO8601Parsing.h"; sourceTree = "<group>"; };
		09E09BC91D65A99C0075AD9F /* NSDate+ISO8601Parsing.m */ = {isa = PBXFileReference; fileEncoding = 4; lastKnownFileType = sourcecode.c.objc; path = "NSDate+ISO8601Parsing.m"; sourceTree = "<group>"; };
		09E09BCA1D65A99C0075AD9F /* NSDate+ISO8601Unparsing.h */ = {isa = PBXFileReference; fileEncoding = 4; lastKnownFileType = sourcecode.c.h; path = "NSDate+ISO8601Unparsing.h"; sourceTree = "<group>"; };
		09E09BCB1D65A99C0075AD9F /* NSDate+ISO8601Unparsing.m */ = {isa = PBXFileReference; fileEncoding = 4; lastKnownFileType = sourcecode.c.objc; path = "NSDate+ISO8601Unparsing.m"; sourceTree = "<group>"; };
		09E09BCC1D65A99C0075AD9F /* t.h */ = {isa = PBXFileReference; fileEncoding = 4; lastKnownFileType = sourcecode.c.h; path = t.h; sourceTree = "<group>"; };
		09E09BCD1D65A99C0075AD9F /* t.m */ = {isa = PBXFileReference; fileEncoding = 4; lastKnownFileType = sourcecode.c.objc; path = t.m; sourceTree = "<group>"; };
		09E09BCE1D65A99C0075AD9F /* USAdditions.h */ = {isa = PBXFileReference; fileEncoding = 4; lastKnownFileType = sourcecode.c.h; path = USAdditions.h; sourceTree = "<group>"; };
		09E09BCF1D65A99C0075AD9F /* USAdditions.m */ = {isa = PBXFileReference; fileEncoding = 4; lastKnownFileType = sourcecode.c.objc; path = USAdditions.m; sourceTree = "<group>"; };
		09E09BD01D65A99C0075AD9F /* USGlobals.h */ = {isa = PBXFileReference; fileEncoding = 4; lastKnownFileType = sourcecode.c.h; path = USGlobals.h; sourceTree = "<group>"; };
		09E09BD11D65A99C0075AD9F /* USGlobals.m */ = {isa = PBXFileReference; fileEncoding = 4; lastKnownFileType = sourcecode.c.objc; path = USGlobals.m; sourceTree = "<group>"; };
		09E09BD21D65A99C0075AD9F /* xml.h */ = {isa = PBXFileReference; fileEncoding = 4; lastKnownFileType = sourcecode.c.h; path = xml.h; sourceTree = "<group>"; };
		09E09BD31D65A99C0075AD9F /* xml.m */ = {isa = PBXFileReference; fileEncoding = 4; lastKnownFileType = sourcecode.c.objc; path = xml.m; sourceTree = "<group>"; };
		09E09BD41D65A99C0075AD9F /* xsd.h */ = {isa = PBXFileReference; fileEncoding = 4; lastKnownFileType = sourcecode.c.h; path = xsd.h; sourceTree = "<group>"; };
		09E09BD51D65A99C0075AD9F /* xsd.m */ = {isa = PBXFileReference; fileEncoding = 4; lastKnownFileType = sourcecode.c.objc; path = xsd.m; sourceTree = "<group>"; };
		09E09BDE1D65A9B80075AD9F /* MeetingViewController.h */ = {isa = PBXFileReference; fileEncoding = 4; lastKnownFileType = sourcecode.c.h; path = MeetingViewController.h; sourceTree = "<group>"; };
		09E09BDF1D65A9B80075AD9F /* MeetingViewController.m */ = {isa = PBXFileReference; fileEncoding = 4; lastKnownFileType = sourcecode.c.objc; path = MeetingViewController.m; sourceTree = "<group>"; };
		09E09BE01D65A9B80075AD9F /* MyEventModel.h */ = {isa = PBXFileReference; fileEncoding = 4; lastKnownFileType = sourcecode.c.h; path = MyEventModel.h; sourceTree = "<group>"; };
		09E09BE11D65A9B80075AD9F /* MyEventModel.m */ = {isa = PBXFileReference; fileEncoding = 4; lastKnownFileType = sourcecode.c.objc; path = MyEventModel.m; sourceTree = "<group>"; };
		09E09BE21D65A9B80075AD9F /* RoomManager.h */ = {isa = PBXFileReference; fileEncoding = 4; lastKnownFileType = sourcecode.c.h; path = RoomManager.h; sourceTree = "<group>"; };
		09E09BE31D65A9B80075AD9F /* RoomManager.m */ = {isa = PBXFileReference; fileEncoding = 4; lastKnownFileType = sourcecode.c.objc; path = RoomManager.m; sourceTree = "<group>"; };
		09E09BE41D65A9B80075AD9F /* PasswordManager.h */ = {isa = PBXFileReference; fileEncoding = 4; lastKnownFileType = sourcecode.c.h; path = PasswordManager.h; sourceTree = "<group>"; };
		09E09BE51D65A9B80075AD9F /* PasswordManager.m */ = {isa = PBXFileReference; fileEncoding = 4; lastKnownFileType = sourcecode.c.objc; path = PasswordManager.m; sourceTree = "<group>"; };
		09E09BE61D65A9B80075AD9F /* RoomModel.h */ = {isa = PBXFileReference; fileEncoding = 4; lastKnownFileType = sourcecode.c.h; path = RoomModel.h; sourceTree = "<group>"; };
		09E09BE71D65A9B80075AD9F /* RoomModel.m */ = {isa = PBXFileReference; fileEncoding = 4; lastKnownFileType = sourcecode.c.objc; path = RoomModel.m; sourceTree = "<group>"; };
		09E09BED1D65AA2E0075AD9F /* libsqlite3.tbd */ = {isa = PBXFileReference; lastKnownFileType = "sourcecode.text-based-dylib-definition"; name = libsqlite3.tbd; path = usr/lib/libsqlite3.tbd; sourceTree = SDKROOT; };
		09E09BF01D65AB390075AD9F /* ContactDetails.h */ = {isa = PBXFileReference; fileEncoding = 4; lastKnownFileType = sourcecode.c.h; path = ContactDetails.h; sourceTree = "<group>"; };
		09E09BF11D65AB390075AD9F /* ContactDetails.m */ = {isa = PBXFileReference; fileEncoding = 4; lastKnownFileType = sourcecode.c.objc; path = ContactDetails.m; sourceTree = "<group>"; };
		09E09BF41D65AFF00075AD9F /* CLWeeklyCalendarView.h */ = {isa = PBXFileReference; fileEncoding = 4; lastKnownFileType = sourcecode.c.h; path = CLWeeklyCalendarView.h; sourceTree = "<group>"; };
		09E09BF51D65AFF00075AD9F /* CLWeeklyCalendarView.m */ = {isa = PBXFileReference; fileEncoding = 4; lastKnownFileType = sourcecode.c.objc; path = CLWeeklyCalendarView.m; sourceTree = "<group>"; };
		09E09BF61D65AFF00075AD9F /* DailyCalendarView.h */ = {isa = PBXFileReference; fileEncoding = 4; lastKnownFileType = sourcecode.c.h; path = DailyCalendarView.h; sourceTree = "<group>"; };
		09E09BF71D65AFF00075AD9F /* DailyCalendarView.m */ = {isa = PBXFileReference; fileEncoding = 4; lastKnownFileType = sourcecode.c.objc; path = DailyCalendarView.m; sourceTree = "<group>"; };
		09E09BF81D65AFF00075AD9F /* DayTitleLabel.h */ = {isa = PBXFileReference; fileEncoding = 4; lastKnownFileType = sourcecode.c.h; path = DayTitleLabel.h; sourceTree = "<group>"; };
		09E09BF91D65AFF00075AD9F /* DayTitleLabel.m */ = {isa = PBXFileReference; fileEncoding = 4; lastKnownFileType = sourcecode.c.objc; path = DayTitleLabel.m; sourceTree = "<group>"; };
		09E09BFB1D65AFF00075AD9F /* NSDate+CL.h */ = {isa = PBXFileReference; fileEncoding = 4; lastKnownFileType = sourcecode.c.h; path = "NSDate+CL.h"; sourceTree = "<group>"; };
		09E09BFC1D65AFF00075AD9F /* NSDate+CL.m */ = {isa = PBXFileReference; fileEncoding = 4; lastKnownFileType = sourcecode.c.objc; path = "NSDate+CL.m"; sourceTree = "<group>"; };
		09E09BFD1D65AFF00075AD9F /* NSDictionary+CL.h */ = {isa = PBXFileReference; fileEncoding = 4; lastKnownFileType = sourcecode.c.h; path = "NSDictionary+CL.h"; sourceTree = "<group>"; };
		09E09BFE1D65AFF00075AD9F /* NSDictionary+CL.m */ = {isa = PBXFileReference; fileEncoding = 4; lastKnownFileType = sourcecode.c.objc; path = "NSDictionary+CL.m"; sourceTree = "<group>"; };
		09E09BFF1D65AFF00075AD9F /* UIColor+CL.h */ = {isa = PBXFileReference; fileEncoding = 4; lastKnownFileType = sourcecode.c.h; path = "UIColor+CL.h"; sourceTree = "<group>"; };
		09E09C001D65AFF00075AD9F /* UIColor+CL.m */ = {isa = PBXFileReference; fileEncoding = 4; lastKnownFileType = sourcecode.c.objc; path = "UIColor+CL.m"; sourceTree = "<group>"; };
		09E09C011D65AFF00075AD9F /* UIImage+CL.h */ = {isa = PBXFileReference; fileEncoding = 4; lastKnownFileType = sourcecode.c.h; path = "UIImage+CL.h"; sourceTree = "<group>"; };
		09E09C021D65AFF00075AD9F /* UIImage+CL.m */ = {isa = PBXFileReference; fileEncoding = 4; lastKnownFileType = sourcecode.c.objc; path = "UIImage+CL.m"; sourceTree = "<group>"; };
		09E09C0A1D65D9DE0075AD9F /* ESWRoomManager.h */ = {isa = PBXFileReference; fileEncoding = 4; lastKnownFileType = sourcecode.c.h; path = ESWRoomManager.h; sourceTree = "<group>"; };
		09E09C0B1D65D9DE0075AD9F /* ESWRoomManager.m */ = {isa = PBXFileReference; fileEncoding = 4; lastKnownFileType = sourcecode.c.objc; path = ESWRoomManager.m; sourceTree = "<group>"; };
		09F5787F1D6C5B83000CD0AE /* NewsViewController.h */ = {isa = PBXFileReference; fileEncoding = 4; lastKnownFileType = sourcecode.c.h; path = NewsViewController.h; sourceTree = "<group>"; };
		09F578801D6C5B83000CD0AE /* NewsViewController.m */ = {isa = PBXFileReference; fileEncoding = 4; lastKnownFileType = sourcecode.c.objc; path = NewsViewController.m; sourceTree = "<group>"; };
		3CA1545A65CA763C5AB8B385 /* libPods-MobilitymyPractics.a */ = {isa = PBXFileReference; explicitFileType = archive.ar; includeInIndex = 0; path = "libPods-MobilitymyPractics.a"; sourceTree = BUILT_PRODUCTS_DIR; };
		54569BD369CB1C40CBFAEF35 /* Pods-MobilitymyPractics.release.xcconfig */ = {isa = PBXFileReference; includeInIndex = 1; lastKnownFileType = text.xcconfig; name = "Pods-MobilitymyPractics.release.xcconfig"; path = "Pods/Target Support Files/Pods-MobilitymyPractics/Pods-MobilitymyPractics.release.xcconfig"; sourceTree = "<group>"; };
		D60967DF0F68F008991F5EAB /* Pods-MobilitymyPractics.debug.xcconfig */ = {isa = PBXFileReference; includeInIndex = 1; lastKnownFileType = text.xcconfig; name = "Pods-MobilitymyPractics.debug.xcconfig"; path = "Pods/Target Support Files/Pods-MobilitymyPractics/Pods-MobilitymyPractics.debug.xcconfig"; sourceTree = "<group>"; };
/* End PBXFileReference section */

/* Begin PBXFrameworksBuildPhase section */
		098DFEE41D5887A8002052CA /* Frameworks */ = {
			isa = PBXFrameworksBuildPhase;
			buildActionMask = 2147483647;
			files = (
				09E09BEE1D65AA2E0075AD9F /* libsqlite3.tbd in Frameworks */,
				092A61C01D5996E000270862 /* libxml2.tbd in Frameworks */,
				B62D617EE41367E6FBA86BE5 /* libPods-MobilitymyPractics.a in Frameworks */,
			);
			runOnlyForDeploymentPostprocessing = 0;
		};
		098DFEFD1D5887A8002052CA /* Frameworks */ = {
			isa = PBXFrameworksBuildPhase;
			buildActionMask = 2147483647;
			files = (
			);
			runOnlyForDeploymentPostprocessing = 0;
		};
		098DFF081D5887A8002052CA /* Frameworks */ = {
			isa = PBXFrameworksBuildPhase;
			buildActionMask = 2147483647;
			files = (
			);
			runOnlyForDeploymentPostprocessing = 0;
		};
/* End PBXFrameworksBuildPhase section */

/* Begin PBXGroup section */
		098DFEDE1D5887A8002052CA = {
			isa = PBXGroup;
			children = (
				09E09BED1D65AA2E0075AD9F /* libsqlite3.tbd */,
				092A61BF1D5996E000270862 /* libxml2.tbd */,
				098DFEE91D5887A8002052CA /* MobilitymyPractics */,
				098DFF031D5887A8002052CA /* MobilitymyPracticsTests */,
				098DFF0E1D5887A8002052CA /* MobilitymyPracticsUITests */,
				098DFEE81D5887A8002052CA /* Products */,
				4BFAB554B1DC9DC14FB75446 /* Pods */,
				1C07C9F473C5B2E4B9D61800 /* Frameworks */,
			);
			sourceTree = "<group>";
		};
		098DFEE81D5887A8002052CA /* Products */ = {
			isa = PBXGroup;
			children = (
				098DFEE71D5887A8002052CA /* MobilitymyPractics.app */,
				098DFF001D5887A8002052CA /* MobilitymyPracticsTests.xctest */,
				098DFF0B1D5887A8002052CA /* MobilitymyPracticsUITests.xctest */,
			);
			name = Products;
			sourceTree = "<group>";
		};
		098DFEE91D5887A8002052CA /* MobilitymyPractics */ = {
			isa = PBXGroup;
			children = (
				098DFEED1D5887A8002052CA /* AppDelegate.h */,
				098DFEEE1D5887A8002052CA /* AppDelegate.m */,
				09E09BAA1D65984D0075AD9F /* HexColors.h */,
				09E09BAB1D65984D0075AD9F /* HexColors.m */,
				09E09BAC1D65984D0075AD9F /* Constant.h */,
				09E09BAD1D65984D0075AD9F /* Constant.m */,
				098DFEF01D5887A8002052CA /* ViewController.h */,
				098DFEF11D5887A8002052CA /* ViewController.m */,
				098DFF251D589B9C002052CA /* UserInfo.h */,
				098DFF261D589B9C002052CA /* UserInfo.m */,
				09E09BB01D6598770075AD9F /* CalendarEvent.h */,
				09E09BB11D6598770075AD9F /* CalendarEvent.m */,
				09E09BB31D65A9150075AD9F /* BookARoom */,
				098DFF281D58BD3C002052CA /* ok2UpdateViewController.h */,
				098DFF291D58BD3C002052CA /* ok2UpdateViewController.m */,
				09F5787E1D6C5B42000CD0AE /* News */,
				09E09BA41D657D140075AD9F /* DashboardViewController.h */,
				09E09BA51D657D140075AD9F /* DashboardViewController.m */,
				09E09BA71D6597970075AD9F /* BookARoomViewController.h */,
				09E09BA81D6597970075AD9F /* BookARoomViewController.m */,
				098DFEF31D5887A8002052CA /* Main.storyboard */,
				098DFEF61D5887A8002052CA /* Assets.xcassets */,
				098DFEF81D5887A8002052CA /* LaunchScreen.storyboard */,
				098DFEFB1D5887A8002052CA /* Info.plist */,
				098DFEEA1D5887A8002052CA /* Supporting Files */,
			);
			path = MobilitymyPractics;
			sourceTree = "<group>";
		};
		098DFEEA1D5887A8002052CA /* Supporting Files */ = {
			isa = PBXGroup;
			children = (
				098DFEEB1D5887A8002052CA /* main.m */,
				098DFF1D1D588EC2002052CA /* demoUser.plist */,
			);
			name = "Supporting Files";
			sourceTree = "<group>";
		};
		098DFF031D5887A8002052CA /* MobilitymyPracticsTests */ = {
			isa = PBXGroup;
			children = (
				098DFF041D5887A8002052CA /* MobilitymyPracticsTests.m */,
				098DFF061D5887A8002052CA /* Info.plist */,
			);
			path = MobilitymyPracticsTests;
			sourceTree = "<group>";
		};
		098DFF0E1D5887A8002052CA /* MobilitymyPracticsUITests */ = {
			isa = PBXGroup;
			children = (
				098DFF0F1D5887A8002052CA /* MobilitymyPracticsUITests.m */,
				098DFF111D5887A8002052CA /* Info.plist */,
			);
			path = MobilitymyPracticsUITests;
			sourceTree = "<group>";
		};
		09E09BB31D65A9150075AD9F /* BookARoom */ = {
			isa = PBXGroup;
			children = (
				09E09BF31D65AFF00075AD9F /* CLWeeklyCalendarViewSourceCode */,
				09E09BEF1D65AABC0075AD9F /* CustomEWS */,
				09E09BDE1D65A9B80075AD9F /* MeetingViewController.h */,
				09E09BDF1D65A9B80075AD9F /* MeetingViewController.m */,
				09E09BE01D65A9B80075AD9F /* MyEventModel.h */,
				09E09BE11D65A9B80075AD9F /* MyEventModel.m */,
				09E09BE41D65A9B80075AD9F /* PasswordManager.h */,
				09E09BE51D65A9B80075AD9F /* PasswordManager.m */,
				09E09BE61D65A9B80075AD9F /* RoomModel.h */,
				09E09BE71D65A9B80075AD9F /* RoomModel.m */,
				09E09BB61D65A93F0075AD9F /* TimeWindow.h */,
				09E09BB71D65A93F0075AD9F /* TimeWindow.m */,
				09E09BB81D65A93F0075AD9F /* NSDateFormatter+Locale.h */,
				09E09BB91D65A93F0075AD9F /* NSDateFormatter+Locale.m */,
				09E09BC51D65A97E0075AD9F /* EWS */,
			);
			name = BookARoom;
			sourceTree = "<group>";
		};
		09E09BC51D65A97E0075AD9F /* EWS */ = {
			isa = PBXGroup;
			children = (
				09E09BC61D65A99C0075AD9F /* ExchangeWebService.h */,
				09E09BC71D65A99C0075AD9F /* ExchangeWebService.m */,
				09E09BC81D65A99C0075AD9F /* NSDate+ISO8601Parsing.h */,
				09E09BC91D65A99C0075AD9F /* NSDate+ISO8601Parsing.m */,
				09E09BCA1D65A99C0075AD9F /* NSDate+ISO8601Unparsing.h */,
				09E09BCB1D65A99C0075AD9F /* NSDate+ISO8601Unparsing.m */,
				09E09BCC1D65A99C0075AD9F /* t.h */,
				09E09BCD1D65A99C0075AD9F /* t.m */,
				09E09BCE1D65A99C0075AD9F /* USAdditions.h */,
				09E09BCF1D65A99C0075AD9F /* USAdditions.m */,
				09E09BD01D65A99C0075AD9F /* USGlobals.h */,
				09E09BD11D65A99C0075AD9F /* USGlobals.m */,
				09E09BD21D65A99C0075AD9F /* xml.h */,
				09E09BD31D65A99C0075AD9F /* xml.m */,
				09E09BD41D65A99C0075AD9F /* xsd.h */,
				09E09BD51D65A99C0075AD9F /* xsd.m */,
			);
			name = EWS;
			sourceTree = "<group>";
		};
		09E09BEF1D65AABC0075AD9F /* CustomEWS */ = {
			isa = PBXGroup;
			children = (
				09E09BF01D65AB390075AD9F /* ContactDetails.h */,
				09E09BF11D65AB390075AD9F /* ContactDetails.m */,
				09E09BBF1D65A9540075AD9F /* ESWPropertyCreater.h */,
				09E09BC01D65A9540075AD9F /* ESWPropertyCreater.m */,
				09E09C0A1D65D9DE0075AD9F /* ESWRoomManager.h */,
				09E09C0B1D65D9DE0075AD9F /* ESWRoomManager.m */,
				09E09BE21D65A9B80075AD9F /* RoomManager.h */,
				09E09BE31D65A9B80075AD9F /* RoomManager.m */,
				09E09BBA1D65A93F0075AD9F /* TimeZoneList.db */,
			);
			name = CustomEWS;
			sourceTree = "<group>";
		};
		09E09BF31D65AFF00075AD9F /* CLWeeklyCalendarViewSourceCode */ = {
			isa = PBXGroup;
			children = (
				09E09BF41D65AFF00075AD9F /* CLWeeklyCalendarView.h */,
				09E09BF51D65AFF00075AD9F /* CLWeeklyCalendarView.m */,
				09E09BF61D65AFF00075AD9F /* DailyCalendarView.h */,
				09E09BF71D65AFF00075AD9F /* DailyCalendarView.m */,
				09E09BF81D65AFF00075AD9F /* DayTitleLabel.h */,
				09E09BF91D65AFF00075AD9F /* DayTitleLabel.m */,
				09E09BFA1D65AFF00075AD9F /* Misc */,
			);
			path = CLWeeklyCalendarViewSourceCode;
			sourceTree = "<group>";
		};
		09E09BFA1D65AFF00075AD9F /* Misc */ = {
			isa = PBXGroup;
			children = (
				09E09BFB1D65AFF00075AD9F /* NSDate+CL.h */,
				09E09BFC1D65AFF00075AD9F /* NSDate+CL.m */,
				09E09BFD1D65AFF00075AD9F /* NSDictionary+CL.h */,
				09E09BFE1D65AFF00075AD9F /* NSDictionary+CL.m */,
				09E09BFF1D65AFF00075AD9F /* UIColor+CL.h */,
				09E09C001D65AFF00075AD9F /* UIColor+CL.m */,
				09E09C011D65AFF00075AD9F /* UIImage+CL.h */,
				09E09C021D65AFF00075AD9F /* UIImage+CL.m */,
			);
			path = Misc;
			sourceTree = "<group>";
		};
		09F5787E1D6C5B42000CD0AE /* News */ = {
			isa = PBXGroup;
			children = (
				09F5787F1D6C5B83000CD0AE /* NewsViewController.h */,
				09F578801D6C5B83000CD0AE /* NewsViewController.m */,
			);
			name = News;
			sourceTree = "<group>";
		};
		1C07C9F473C5B2E4B9D61800 /* Frameworks */ = {
			isa = PBXGroup;
			children = (
				3CA1545A65CA763C5AB8B385 /* libPods-MobilitymyPractics.a */,
			);
			name = Frameworks;
			sourceTree = "<group>";
		};
		4BFAB554B1DC9DC14FB75446 /* Pods */ = {
			isa = PBXGroup;
			children = (
				D60967DF0F68F008991F5EAB /* Pods-MobilitymyPractics.debug.xcconfig */,
				54569BD369CB1C40CBFAEF35 /* Pods-MobilitymyPractics.release.xcconfig */,
			);
			name = Pods;
			sourceTree = "<group>";
		};
/* End PBXGroup section */

/* Begin PBXNativeTarget section */
		098DFEE61D5887A8002052CA /* MobilitymyPractics */ = {
			isa = PBXNativeTarget;
			buildConfigurationList = 098DFF141D5887A8002052CA /* Build configuration list for PBXNativeTarget "MobilitymyPractics" */;
			buildPhases = (
				4D41E807E0789CBF1FF98347 /* Check Pods Manifest.lock */,
				098DFEE31D5887A8002052CA /* Sources */,
				098DFEE41D5887A8002052CA /* Frameworks */,
				098DFEE51D5887A8002052CA /* Resources */,
				17554B2A306BE34547F59D20 /* Embed Pods Frameworks */,
				463ED458B6D00FDD06AC06F3 /* Copy Pods Resources */,
			);
			buildRules = (
			);
			dependencies = (
			);
			name = MobilitymyPractics;
			productName = MobilitymyPractics;
			productReference = 098DFEE71D5887A8002052CA /* MobilitymyPractics.app */;
			productType = "com.apple.product-type.application";
		};
		098DFEFF1D5887A8002052CA /* MobilitymyPracticsTests */ = {
			isa = PBXNativeTarget;
			buildConfigurationList = 098DFF171D5887A8002052CA /* Build configuration list for PBXNativeTarget "MobilitymyPracticsTests" */;
			buildPhases = (
				098DFEFC1D5887A8002052CA /* Sources */,
				098DFEFD1D5887A8002052CA /* Frameworks */,
				098DFEFE1D5887A8002052CA /* Resources */,
			);
			buildRules = (
			);
			dependencies = (
				098DFF021D5887A8002052CA /* PBXTargetDependency */,
			);
			name = MobilitymyPracticsTests;
			productName = MobilitymyPracticsTests;
			productReference = 098DFF001D5887A8002052CA /* MobilitymyPracticsTests.xctest */;
			productType = "com.apple.product-type.bundle.unit-test";
		};
		098DFF0A1D5887A8002052CA /* MobilitymyPracticsUITests */ = {
			isa = PBXNativeTarget;
			buildConfigurationList = 098DFF1A1D5887A8002052CA /* Build configuration list for PBXNativeTarget "MobilitymyPracticsUITests" */;
			buildPhases = (
				098DFF071D5887A8002052CA /* Sources */,
				098DFF081D5887A8002052CA /* Frameworks */,
				098DFF091D5887A8002052CA /* Resources */,
			);
			buildRules = (
			);
			dependencies = (
				098DFF0D1D5887A8002052CA /* PBXTargetDependency */,
			);
			name = MobilitymyPracticsUITests;
			productName = MobilitymyPracticsUITests;
			productReference = 098DFF0B1D5887A8002052CA /* MobilitymyPracticsUITests.xctest */;
			productType = "com.apple.product-type.bundle.ui-testing";
		};
/* End PBXNativeTarget section */

/* Begin PBXProject section */
		098DFEDF1D5887A8002052CA /* Project object */ = {
			isa = PBXProject;
			attributes = {
				LastUpgradeCheck = 0730;
				ORGANIZATIONNAME = vmoksha;
				TargetAttributes = {
					098DFEE61D5887A8002052CA = {
						CreatedOnToolsVersion = 7.3.1;
					};
					098DFEFF1D5887A8002052CA = {
						CreatedOnToolsVersion = 7.3.1;
						TestTargetID = 098DFEE61D5887A8002052CA;
					};
					098DFF0A1D5887A8002052CA = {
						CreatedOnToolsVersion = 7.3.1;
						TestTargetID = 098DFEE61D5887A8002052CA;
					};
				};
			};
			buildConfigurationList = 098DFEE21D5887A8002052CA /* Build configuration list for PBXProject "MobilitymyPractics" */;
			compatibilityVersion = "Xcode 3.2";
			developmentRegion = English;
			hasScannedForEncodings = 0;
			knownRegions = (
				en,
				Base,
			);
			mainGroup = 098DFEDE1D5887A8002052CA;
			productRefGroup = 098DFEE81D5887A8002052CA /* Products */;
			projectDirPath = "";
			projectRoot = "";
			targets = (
				098DFEE61D5887A8002052CA /* MobilitymyPractics */,
				098DFEFF1D5887A8002052CA /* MobilitymyPracticsTests */,
				098DFF0A1D5887A8002052CA /* MobilitymyPracticsUITests */,
			);
		};
/* End PBXProject section */

/* Begin PBXResourcesBuildPhase section */
		098DFEE51D5887A8002052CA /* Resources */ = {
			isa = PBXResourcesBuildPhase;
			buildActionMask = 2147483647;
			files = (
				098DFF1E1D588EC2002052CA /* demoUser.plist in Resources */,
				098DFEFA1D5887A8002052CA /* LaunchScreen.storyboard in Resources */,
				098DFEF71D5887A8002052CA /* Assets.xcassets in Resources */,
				098DFEF51D5887A8002052CA /* Main.storyboard in Resources */,
				09E09BBE1D65A93F0075AD9F /* TimeZoneList.db in Resources */,
			);
			runOnlyForDeploymentPostprocessing = 0;
		};
		098DFEFE1D5887A8002052CA /* Resources */ = {
			isa = PBXResourcesBuildPhase;
			buildActionMask = 2147483647;
			files = (
			);
			runOnlyForDeploymentPostprocessing = 0;
		};
		098DFF091D5887A8002052CA /* Resources */ = {
			isa = PBXResourcesBuildPhase;
			buildActionMask = 2147483647;
			files = (
			);
			runOnlyForDeploymentPostprocessing = 0;
		};
/* End PBXResourcesBuildPhase section */

/* Begin PBXShellScriptBuildPhase section */
		17554B2A306BE34547F59D20 /* Embed Pods Frameworks */ = {
			isa = PBXShellScriptBuildPhase;
			buildActionMask = 2147483647;
			files = (
			);
			inputPaths = (
			);
			name = "Embed Pods Frameworks";
			outputPaths = (
			);
			runOnlyForDeploymentPostprocessing = 0;
			shellPath = /bin/sh;
			shellScript = "\"${SRCROOT}/Pods/Target Support Files/Pods-MobilitymyPractics/Pods-MobilitymyPractics-frameworks.sh\"\n";
			showEnvVarsInLog = 0;
		};
		463ED458B6D00FDD06AC06F3 /* Copy Pods Resources */ = {
			isa = PBXShellScriptBuildPhase;
			buildActionMask = 2147483647;
			files = (
			);
			inputPaths = (
			);
			name = "Copy Pods Resources";
			outputPaths = (
			);
			runOnlyForDeploymentPostprocessing = 0;
			shellPath = /bin/sh;
			shellScript = "\"${SRCROOT}/Pods/Target Support Files/Pods-MobilitymyPractics/Pods-MobilitymyPractics-resources.sh\"\n";
			showEnvVarsInLog = 0;
		};
		4D41E807E0789CBF1FF98347 /* Check Pods Manifest.lock */ = {
			isa = PBXShellScriptBuildPhase;
			buildActionMask = 2147483647;
			files = (
			);
			inputPaths = (
			);
			name = "Check Pods Manifest.lock";
			outputPaths = (
			);
			runOnlyForDeploymentPostprocessing = 0;
			shellPath = /bin/sh;
			shellScript = "diff \"${PODS_ROOT}/../Podfile.lock\" \"${PODS_ROOT}/Manifest.lock\" > /dev/null\nif [[ $? != 0 ]] ; then\n    cat << EOM\nerror: The sandbox is not in sync with the Podfile.lock. Run 'pod install' or update your CocoaPods installation.\nEOM\n    exit 1\nfi\n";
			showEnvVarsInLog = 0;
		};
/* End PBXShellScriptBuildPhase section */

/* Begin PBXSourcesBuildPhase section */
		098DFEE31D5887A8002052CA /* Sources */ = {
			isa = PBXSourcesBuildPhase;
			buildActionMask = 2147483647;
			files = (
				09E09C081D65AFF00075AD9F /* UIColor+CL.m in Sources */,
				09E09BB21D6598770075AD9F /* CalendarEvent.m in Sources */,
				09E09BD81D65A99C0075AD9F /* NSDate+ISO8601Unparsing.m in Sources */,
				09E09BD61D65A99C0075AD9F /* ExchangeWebService.m in Sources */,
				09E09BD71D65A99C0075AD9F /* NSDate+ISO8601Parsing.m in Sources */,
				09E09BEC1D65A9B80075AD9F /* RoomModel.m in Sources */,
				09E09C091D65AFF00075AD9F /* UIImage+CL.m in Sources */,
				098DFF271D589B9C002052CA /* UserInfo.m in Sources */,
				09E09BA61D657D140075AD9F /* DashboardViewController.m in Sources */,
				09E09BD91D65A99C0075AD9F /* t.m in Sources */,
				09E09BE91D65A9B80075AD9F /* MyEventModel.m in Sources */,
				09E09C071D65AFF00075AD9F /* NSDictionary+CL.m in Sources */,
				09E09BDD1D65A99C0075AD9F /* xsd.m in Sources */,
				098DFF2A1D58BD3C002052CA /* ok2UpdateViewController.m in Sources */,
				098DFEF21D5887A8002052CA /* ViewController.m in Sources */,
				09F578811D6C5B83000CD0AE /* NewsViewController.m in Sources */,
				09E09BA91D6597970075AD9F /* BookARoomViewController.m in Sources */,
				09E09BBC1D65A93F0075AD9F /* TimeWindow.m in Sources */,
				09E09BDC1D65A99C0075AD9F /* xml.m in Sources */,
				09E09BAE1D65984D0075AD9F /* HexColors.m in Sources */,
				09E09BEA1D65A9B80075AD9F /* RoomManager.m in Sources */,
				09E09BDB1D65A99C0075AD9F /* USGlobals.m in Sources */,
				09E09BC31D65A9540075AD9F /* ESWPropertyCreater.m in Sources */,
				09E09C051D65AFF00075AD9F /* DayTitleLabel.m in Sources */,
				098DFEEF1D5887A8002052CA /* AppDelegate.m in Sources */,
				09E09C041D65AFF00075AD9F /* DailyCalendarView.m in Sources */,
				09E09BE81D65A9B80075AD9F /* MeetingViewController.m in Sources */,
				09E09BAF1D65984D0075AD9F /* Constant.m in Sources */,
				09E09BBD1D65A93F0075AD9F /* NSDateFormatter+Locale.m in Sources */,
				09E09C031D65AFF00075AD9F /* CLWeeklyCalendarView.m in Sources */,
				09E09BEB1D65A9B80075AD9F /* PasswordManager.m in Sources */,
				09E09BF21D65AB390075AD9F /* ContactDetails.m in Sources */,
				098DFEEC1D5887A8002052CA /* main.m in Sources */,
				09E09C0C1D65D9DE0075AD9F /* ESWRoomManager.m in Sources */,
				09E09BDA1D65A99C0075AD9F /* USAdditions.m in Sources */,
				09E09C061D65AFF00075AD9F /* NSDate+CL.m in Sources */,
			);
			runOnlyForDeploymentPostprocessing = 0;
		};
		098DFEFC1D5887A8002052CA /* Sources */ = {
			isa = PBXSourcesBuildPhase;
			buildActionMask = 2147483647;
			files = (
				098DFF051D5887A8002052CA /* MobilitymyPracticsTests.m in Sources */,
			);
			runOnlyForDeploymentPostprocessing = 0;
		};
		098DFF071D5887A8002052CA /* Sources */ = {
			isa = PBXSourcesBuildPhase;
			buildActionMask = 2147483647;
			files = (
				098DFF101D5887A8002052CA /* MobilitymyPracticsUITests.m in Sources */,
			);
			runOnlyForDeploymentPostprocessing = 0;
		};
/* End PBXSourcesBuildPhase section */

/* Begin PBXTargetDependency section */
		098DFF021D5887A8002052CA /* PBXTargetDependency */ = {
			isa = PBXTargetDependency;
			target = 098DFEE61D5887A8002052CA /* MobilitymyPractics */;
			targetProxy = 098DFF011D5887A8002052CA /* PBXContainerItemProxy */;
		};
		098DFF0D1D5887A8002052CA /* PBXTargetDependency */ = {
			isa = PBXTargetDependency;
			target = 098DFEE61D5887A8002052CA /* MobilitymyPractics */;
			targetProxy = 098DFF0C1D5887A8002052CA /* PBXContainerItemProxy */;
		};
/* End PBXTargetDependency section */

/* Begin PBXVariantGroup section */
		098DFEF31D5887A8002052CA /* Main.storyboard */ = {
			isa = PBXVariantGroup;
			children = (
				098DFEF41D5887A8002052CA /* Base */,
			);
			name = Main.storyboard;
			sourceTree = "<group>";
		};
		098DFEF81D5887A8002052CA /* LaunchScreen.storyboard */ = {
			isa = PBXVariantGroup;
			children = (
				098DFEF91D5887A8002052CA /* Base */,
			);
			name = LaunchScreen.storyboard;
			sourceTree = "<group>";
		};
/* End PBXVariantGroup section */

/* Begin XCBuildConfiguration section */
		098DFF121D5887A8002052CA /* Debug */ = {
			isa = XCBuildConfiguration;
			buildSettings = {
				ALWAYS_SEARCH_USER_PATHS = NO;
				CLANG_ANALYZER_NONNULL = YES;
				CLANG_CXX_LANGUAGE_STANDARD = "gnu++0x";
				CLANG_CXX_LIBRARY = "libc++";
				CLANG_ENABLE_MODULES = YES;
				CLANG_ENABLE_OBJC_ARC = YES;
				CLANG_WARN_BOOL_CONVERSION = YES;
				CLANG_WARN_CONSTANT_CONVERSION = YES;
				CLANG_WARN_DIRECT_OBJC_ISA_USAGE = YES_ERROR;
				CLANG_WARN_EMPTY_BODY = YES;
				CLANG_WARN_ENUM_CONVERSION = YES;
				CLANG_WARN_INT_CONVERSION = YES;
				CLANG_WARN_OBJC_ROOT_CLASS = YES_ERROR;
				CLANG_WARN_UNREACHABLE_CODE = YES;
				CLANG_WARN__DUPLICATE_METHOD_MATCH = YES;
				"CODE_SIGN_IDENTITY[sdk=iphoneos*]" = "iPhone Developer";
				COPY_PHASE_STRIP = NO;
				DEBUG_INFORMATION_FORMAT = dwarf;
				ENABLE_STRICT_OBJC_MSGSEND = YES;
				ENABLE_TESTABILITY = YES;
				GCC_C_LANGUAGE_STANDARD = gnu99;
				GCC_DYNAMIC_NO_PIC = NO;
				GCC_NO_COMMON_BLOCKS = YES;
				GCC_OPTIMIZATION_LEVEL = 0;
				GCC_PREPROCESSOR_DEFINITIONS = (
					"DEBUG=1",
					"$(inherited)",
				);
				GCC_WARN_64_TO_32_BIT_CONVERSION = YES;
				GCC_WARN_ABOUT_RETURN_TYPE = YES_ERROR;
				GCC_WARN_UNDECLARED_SELECTOR = YES;
				GCC_WARN_UNINITIALIZED_AUTOS = YES_AGGRESSIVE;
				GCC_WARN_UNUSED_FUNCTION = YES;
				GCC_WARN_UNUSED_VARIABLE = YES;
				IPHONEOS_DEPLOYMENT_TARGET = 9.3;
				MTL_ENABLE_DEBUG_INFO = YES;
				ONLY_ACTIVE_ARCH = YES;
				SDKROOT = iphoneos;
			};
			name = Debug;
		};
		098DFF131D5887A8002052CA /* Release */ = {
			isa = XCBuildConfiguration;
			buildSettings = {
				ALWAYS_SEARCH_USER_PATHS = NO;
				CLANG_ANALYZER_NONNULL = YES;
				CLANG_CXX_LANGUAGE_STANDARD = "gnu++0x";
				CLANG_CXX_LIBRARY = "libc++";
				CLANG_ENABLE_MODULES = YES;
				CLANG_ENABLE_OBJC_ARC = YES;
				CLANG_WARN_BOOL_CONVERSION = YES;
				CLANG_WARN_CONSTANT_CONVERSION = YES;
				CLANG_WARN_DIRECT_OBJC_ISA_USAGE = YES_ERROR;
				CLANG_WARN_EMPTY_BODY = YES;
				CLANG_WARN_ENUM_CONVERSION = YES;
				CLANG_WARN_INT_CONVERSION = YES;
				CLANG_WARN_OBJC_ROOT_CLASS = YES_ERROR;
				CLANG_WARN_UNREACHABLE_CODE = YES;
				CLANG_WARN__DUPLICATE_METHOD_MATCH = YES;
				"CODE_SIGN_IDENTITY[sdk=iphoneos*]" = "iPhone Developer";
				COPY_PHASE_STRIP = NO;
				DEBUG_INFORMATION_FORMAT = "dwarf-with-dsym";
				ENABLE_NS_ASSERTIONS = NO;
				ENABLE_STRICT_OBJC_MSGSEND = YES;
				GCC_C_LANGUAGE_STANDARD = gnu99;
				GCC_NO_COMMON_BLOCKS = YES;
				GCC_WARN_64_TO_32_BIT_CONVERSION = YES;
				GCC_WARN_ABOUT_RETURN_TYPE = YES_ERROR;
				GCC_WARN_UNDECLARED_SELECTOR = YES;
				GCC_WARN_UNINITIALIZED_AUTOS = YES_AGGRESSIVE;
				GCC_WARN_UNUSED_FUNCTION = YES;
				GCC_WARN_UNUSED_VARIABLE = YES;
				IPHONEOS_DEPLOYMENT_TARGET = 9.3;
				MTL_ENABLE_DEBUG_INFO = NO;
				SDKROOT = iphoneos;
				VALIDATE_PRODUCT = YES;
			};
			name = Release;
		};
		098DFF151D5887A8002052CA /* Debug */ = {
			isa = XCBuildConfiguration;
			baseConfigurationReference = D60967DF0F68F008991F5EAB /* Pods-MobilitymyPractics.debug.xcconfig */;
			buildSettings = {
				ASSETCATALOG_COMPILER_APPICON_NAME = AppIcon;
				HEADER_SEARCH_PATHS = /usr/include/libxml2;
				INFOPLIST_FILE = MobilitymyPractics/Info.plist;
				IPHONEOS_DEPLOYMENT_TARGET = 8.4;
				LD_RUNPATH_SEARCH_PATHS = "$(inherited) @executable_path/Frameworks";
				LIBRARY_SEARCH_PATHS = /usr/include/libxml2;
				PRODUCT_BUNDLE_IDENTIFIER = com.vmoksha.MobilitymyPractics;
				PRODUCT_NAME = "$(TARGET_NAME)";
			};
			name = Debug;
		};
		098DFF161D5887A8002052CA /* Release */ = {
			isa = XCBuildConfiguration;
			baseConfigurationReference = 54569BD369CB1C40CBFAEF35 /* Pods-MobilitymyPractics.release.xcconfig */;
			buildSettings = {
				ASSETCATALOG_COMPILER_APPICON_NAME = AppIcon;
				HEADER_SEARCH_PATHS = /usr/include/libxml2;
				INFOPLIST_FILE = MobilitymyPractics/Info.plist;
				IPHONEOS_DEPLOYMENT_TARGET = 8.4;
				LD_RUNPATH_SEARCH_PATHS = "$(inherited) @executable_path/Frameworks";
				LIBRARY_SEARCH_PATHS = /usr/include/libxml2;
				PRODUCT_BUNDLE_IDENTIFIER = com.vmoksha.MobilitymyPractics;
				PRODUCT_NAME = "$(TARGET_NAME)";
			};
			name = Release;
		};
		098DFF181D5887A8002052CA /* Debug */ = {
			isa = XCBuildConfiguration;
			buildSettings = {
				BUNDLE_LOADER = "$(TEST_HOST)";
				INFOPLIST_FILE = MobilitymyPracticsTests/Info.plist;
				LD_RUNPATH_SEARCH_PATHS = "$(inherited) @executable_path/Frameworks @loader_path/Frameworks";
				PRODUCT_BUNDLE_IDENTIFIER = com.vmoksha.MobilitymyPracticsTests;
				PRODUCT_NAME = "$(TARGET_NAME)";
				TEST_HOST = "$(BUILT_PRODUCTS_DIR)/MobilitymyPractics.app/MobilitymyPractics";
			};
			name = Debug;
		};
		098DFF191D5887A8002052CA /* Release */ = {
			isa = XCBuildConfiguration;
			buildSettings = {
				BUNDLE_LOADER = "$(TEST_HOST)";
				INFOPLIST_FILE = MobilitymyPracticsTests/Info.plist;
				LD_RUNPATH_SEARCH_PATHS = "$(inherited) @executable_path/Frameworks @loader_path/Frameworks";
				PRODUCT_BUNDLE_IDENTIFIER = com.vmoksha.MobilitymyPracticsTests;
				PRODUCT_NAME = "$(TARGET_NAME)";
				TEST_HOST = "$(BUILT_PRODUCTS_DIR)/MobilitymyPractics.app/MobilitymyPractics";
			};
			name = Release;
		};
		098DFF1B1D5887A8002052CA /* Debug */ = {
			isa = XCBuildConfiguration;
			buildSettings = {
				INFOPLIST_FILE = MobilitymyPracticsUITests/Info.plist;
				LD_RUNPATH_SEARCH_PATHS = "$(inherited) @executable_path/Frameworks @loader_path/Frameworks";
				PRODUCT_BUNDLE_IDENTIFIER = com.vmoksha.MobilitymyPracticsUITests;
				PRODUCT_NAME = "$(TARGET_NAME)";
				TEST_TARGET_NAME = MobilitymyPractics;
			};
			name = Debug;
		};
		098DFF1C1D5887A8002052CA /* Release */ = {
			isa = XCBuildConfiguration;
			buildSettings = {
				INFOPLIST_FILE = MobilitymyPracticsUITests/Info.plist;
				LD_RUNPATH_SEARCH_PATHS = "$(inherited) @executable_path/Frameworks @loader_path/Frameworks";
				PRODUCT_BUNDLE_IDENTIFIER = com.vmoksha.MobilitymyPracticsUITests;
				PRODUCT_NAME = "$(TARGET_NAME)";
				TEST_TARGET_NAME = MobilitymyPractics;
			};
			name = Release;
		};
/* End XCBuildConfiguration section */

/* Begin XCConfigurationList section */
		098DFEE21D5887A8002052CA /* Build configuration list for PBXProject "MobilitymyPractics" */ = {
			isa = XCConfigurationList;
			buildConfigurations = (
				098DFF121D5887A8002052CA /* Debug */,
				098DFF131D5887A8002052CA /* Release */,
			);
			defaultConfigurationIsVisible = 0;
			defaultConfigurationName = Release;
		};
		098DFF141D5887A8002052CA /* Build configuration list for PBXNativeTarget "MobilitymyPractics" */ = {
			isa = XCConfigurationList;
			buildConfigurations = (
				098DFF151D5887A8002052CA /* Debug */,
				098DFF161D5887A8002052CA /* Release */,
			);
			defaultConfigurationIsVisible = 0;
			defaultConfigurationName = Release;
		};
		098DFF171D5887A8002052CA /* Build configuration list for PBXNativeTarget "MobilitymyPracticsTests" */ = {
			isa = XCConfigurationList;
			buildConfigurations = (
				098DFF181D5887A8002052CA /* Debug */,
				098DFF191D5887A8002052CA /* Release */,
			);
			defaultConfigurationIsVisible = 0;
			defaultConfigurationName = Release;
		};
		098DFF1A1D5887A8002052CA /* Build configuration list for PBXNativeTarget "MobilitymyPracticsUITests" */ = {
			isa = XCConfigurationList;
			buildConfigurations = (
				098DFF1B1D5887A8002052CA /* Debug */,
				098DFF1C1D5887A8002052CA /* Release */,
			);
			defaultConfigurationIsVisible = 0;
			defaultConfigurationName = Release;
		};
/* End XCConfigurationList section */
	};
	rootObject = 098DFEDF1D5887A8002052CA /* Project object */;
}
